{
  "version": 4,
  "terraform_version": "1.5.4",
  "serial": 9,
  "lineage": "38f98d95-02cf-1311-cfd9-8ddc40a5db82",
  "outputs": {
    "master_private_dns": {
      "value": "ip-172-31-42-130.us-east-2.compute.internal",
      "type": "string"
    },
    "master_public_dns": {
      "value": "ec2-52-15-125-74.us-east-2.compute.amazonaws.com",
      "type": "string"
    },
    "worker_private_dns": {
      "value": "ip-172-31-36-145.us-east-2.compute.internal",
      "type": "string"
    },
    "worker_public_dns": {
      "value": "ec2-52-15-81-195.us-east-2.compute.amazonaws.com",
      "type": "string"
    }
  },
  "resources": [
    {
      "mode": "data",
      "type": "aws_caller_identity",
      "name": "current",
      "provider": "provider[\"registry.terraform.io/hashicorp/aws\"]",
      "instances": [
        {
          "schema_version": 0,
          "attributes": {
            "account_id": "908459128553",
            "arn": "arn:aws:iam::908459128553:user/adegbola-clarusway",
            "id": "908459128553",
            "user_id": "AIDA5HBDCG3U3SM4K6RDA"
          },
          "sensitive_attributes": []
        }
      ]
    },
    {
      "mode": "data",
      "type": "aws_region",
      "name": "current",
      "provider": "provider[\"registry.terraform.io/hashicorp/aws\"]",
      "instances": [
        {
          "schema_version": 0,
          "attributes": {
            "description": "US East (Ohio)",
            "endpoint": "ec2.us-east-2.amazonaws.com",
            "id": "us-east-2",
            "name": "us-east-2"
          },
          "sensitive_attributes": []
        }
      ]
    },
    {
      "mode": "data",
      "type": "template_file",
      "name": "master",
      "provider": "provider[\"registry.terraform.io/hashicorp/template\"]",
      "instances": [
        {
          "schema_version": 0,
          "attributes": {
            "filename": null,
            "id": "c34cb9a98626a99ef030ce19efef3cf442c71b04d344efed3c160f55b6cf8711",
            "rendered": "#! /bin/bash\napt-get update -y\napt-get upgrade -y\nhostnamectl set-hostname kube-master\napt-get install -y apt-transport-https ca-certificates curl\ncurl https://packages.cloud.google.com/apt/doc/apt-key.gpg | sudo apt-key --keyring /usr/share/keyrings/cloud.google.gpg add -\necho \"deb [signed-by=/usr/share/keyrings/cloud.google.gpg] https://apt.kubernetes.io/ kubernetes-xenial main\" | sudo tee /etc/apt/sources.list.d/kubernetes.list\napt-get update\napt-get install -y kubelet=1.26.3-00 kubeadm=1.26.3-00 kubectl=1.26.3-00 kubernetes-cni docker.io\napt-mark hold kubelet kubeadm kubectl\nsystemctl start docker\nsystemctl enable docker\nusermod -aG docker ubuntu\nnewgrp docker\ncat \u003c\u003cEOF | sudo tee /etc/sysctl.d/k8s.conf\nnet.bridge.bridge-nf-call-iptables  = 1\nnet.bridge.bridge-nf-call-ip6tables = 1\nnet.ipv4.ip_forward                 = 1\nEOF\nsysctl --system\nmkdir /etc/containerd\ncontainerd config default | sudo tee /etc/containerd/config.toml \u003e/dev/null 2\u003e\u00261\nsed -i 's/SystemdCgroup \\= false/SystemdCgroup \\= true/g' /etc/containerd/config.toml\nsystemctl restart containerd\nsystemctl enable containerd\nkubeadm config images pull\nkubeadm init --pod-network-cidr=10.244.0.0/16 --ignore-preflight-errors=All\nmkdir -p /home/ubuntu/.kube\ncp -i /etc/kubernetes/admin.conf /home/ubuntu/.kube/config\nchown ubuntu:ubuntu /home/ubuntu/.kube/config\nsu - ubuntu -c 'kubectl apply -f https://github.com/coreos/flannel/raw/master/Documentation/kube-flannel.yml'",
            "template": "#! /bin/bash\napt-get update -y\napt-get upgrade -y\nhostnamectl set-hostname kube-master\napt-get install -y apt-transport-https ca-certificates curl\ncurl https://packages.cloud.google.com/apt/doc/apt-key.gpg | sudo apt-key --keyring /usr/share/keyrings/cloud.google.gpg add -\necho \"deb [signed-by=/usr/share/keyrings/cloud.google.gpg] https://apt.kubernetes.io/ kubernetes-xenial main\" | sudo tee /etc/apt/sources.list.d/kubernetes.list\napt-get update\napt-get install -y kubelet=1.26.3-00 kubeadm=1.26.3-00 kubectl=1.26.3-00 kubernetes-cni docker.io\napt-mark hold kubelet kubeadm kubectl\nsystemctl start docker\nsystemctl enable docker\nusermod -aG docker ubuntu\nnewgrp docker\ncat \u003c\u003cEOF | sudo tee /etc/sysctl.d/k8s.conf\nnet.bridge.bridge-nf-call-iptables  = 1\nnet.bridge.bridge-nf-call-ip6tables = 1\nnet.ipv4.ip_forward                 = 1\nEOF\nsysctl --system\nmkdir /etc/containerd\ncontainerd config default | sudo tee /etc/containerd/config.toml \u003e/dev/null 2\u003e\u00261\nsed -i 's/SystemdCgroup \\= false/SystemdCgroup \\= true/g' /etc/containerd/config.toml\nsystemctl restart containerd\nsystemctl enable containerd\nkubeadm config images pull\nkubeadm init --pod-network-cidr=10.244.0.0/16 --ignore-preflight-errors=All\nmkdir -p /home/ubuntu/.kube\ncp -i /etc/kubernetes/admin.conf /home/ubuntu/.kube/config\nchown ubuntu:ubuntu /home/ubuntu/.kube/config\nsu - ubuntu -c 'kubectl apply -f https://github.com/coreos/flannel/raw/master/Documentation/kube-flannel.yml'",
            "vars": null
          },
          "sensitive_attributes": []
        }
      ]
    },
    {
      "mode": "data",
      "type": "template_file",
      "name": "worker",
      "provider": "provider[\"registry.terraform.io/hashicorp/template\"]",
      "instances": [
        {
          "schema_version": 0,
          "attributes": {
            "filename": null,
            "id": "56fee942707ebc7cf818e81c8759653e2cff45810210a325cc94257307f8f25e",
            "rendered": "#! /bin/bash\napt-get update -y\napt-get upgrade -y\nhostnamectl set-hostname kube-worker\napt-get install -y apt-transport-https ca-certificates curl\ncurl https://packages.cloud.google.com/apt/doc/apt-key.gpg | sudo apt-key --keyring /usr/share/keyrings/cloud.google.gpg add -\necho \"deb [signed-by=/usr/share/keyrings/cloud.google.gpg] https://apt.kubernetes.io/ kubernetes-xenial main\" | sudo tee /etc/apt/sources.list.d/kubernetes.list\napt-get update\napt-get install -y kubelet=1.26.3-00 kubeadm=1.26.3-00 kubectl=1.26.3-00 kubernetes-cni docker.io\napt-mark hold kubelet kubeadm kubectl\nsystemctl start docker\nsystemctl enable docker\nusermod -aG docker ubuntu\nnewgrp docker\ncat \u003c\u003cEOF | sudo tee /etc/sysctl.d/k8s.conf\nnet.bridge.bridge-nf-call-iptables  = 1\nnet.bridge.bridge-nf-call-ip6tables = 1\nnet.ipv4.ip_forward                 = 1\nEOF\nsysctl --system\nmkdir /etc/containerd\ncontainerd config default | sudo tee /etc/containerd/config.toml \u003e/dev/null 2\u003e\u00261\nsed -i 's/SystemdCgroup \\= false/SystemdCgroup \\= true/g' /etc/containerd/config.toml\nsystemctl restart containerd\nsystemctl enable containerd\nwget https://bootstrap.pypa.io/get-pip.py\npython3 get-pip.py\npip install pyopenssl --upgrade\npip3 install ec2instanceconnectcli\napt install -y mssh\nuntil [[ $(mssh -o UserKnownHostsFile=/dev/null -o StrictHostKeyChecking=no -t i-0cc24fcd18fa3a350 -r us-east-2 ubuntu@i-0cc24fcd18fa3a350 kubectl get no | awk 'NR == 2 {print $2}') == Ready ]]; do echo \"master node is not ready\"; sleep 3; done;\nkubeadm join 172.31.42.130:6443 --token $(mssh -o UserKnownHostsFile=/dev/null -o StrictHostKeyChecking=no -t i-0cc24fcd18fa3a350 -r us-east-2 ubuntu@i-0cc24fcd18fa3a350 kubeadm token list | awk 'NR == 2 {print $1}') --discovery-token-ca-cert-hash sha256:$(mssh -o UserKnownHostsFile=/dev/null -o StrictHostKeyChecking=no -t i-0cc24fcd18fa3a350 -r us-east-2 ubuntu@i-0cc24fcd18fa3a350 openssl x509 -pubkey -in /etc/kubernetes/pki/ca.crt | openssl rsa -pubin -outform der 2\u003e/dev/null | openssl dgst -sha256 -hex | sed 's/^.* //') --ignore-preflight-errors=All",
            "template": "#! /bin/bash\napt-get update -y\napt-get upgrade -y\nhostnamectl set-hostname kube-worker\napt-get install -y apt-transport-https ca-certificates curl\ncurl https://packages.cloud.google.com/apt/doc/apt-key.gpg | sudo apt-key --keyring /usr/share/keyrings/cloud.google.gpg add -\necho \"deb [signed-by=/usr/share/keyrings/cloud.google.gpg] https://apt.kubernetes.io/ kubernetes-xenial main\" | sudo tee /etc/apt/sources.list.d/kubernetes.list\napt-get update\napt-get install -y kubelet=1.26.3-00 kubeadm=1.26.3-00 kubectl=1.26.3-00 kubernetes-cni docker.io\napt-mark hold kubelet kubeadm kubectl\nsystemctl start docker\nsystemctl enable docker\nusermod -aG docker ubuntu\nnewgrp docker\ncat \u003c\u003cEOF | sudo tee /etc/sysctl.d/k8s.conf\nnet.bridge.bridge-nf-call-iptables  = 1\nnet.bridge.bridge-nf-call-ip6tables = 1\nnet.ipv4.ip_forward                 = 1\nEOF\nsysctl --system\nmkdir /etc/containerd\ncontainerd config default | sudo tee /etc/containerd/config.toml \u003e/dev/null 2\u003e\u00261\nsed -i 's/SystemdCgroup \\= false/SystemdCgroup \\= true/g' /etc/containerd/config.toml\nsystemctl restart containerd\nsystemctl enable containerd\nwget https://bootstrap.pypa.io/get-pip.py\npython3 get-pip.py\npip install pyopenssl --upgrade\npip3 install ec2instanceconnectcli\napt install -y mssh\nuntil [[ $(mssh -o UserKnownHostsFile=/dev/null -o StrictHostKeyChecking=no -t ${master-id} -r ${region} ubuntu@${master-id} kubectl get no | awk 'NR == 2 {print $2}') == Ready ]]; do echo \"master node is not ready\"; sleep 3; done;\nkubeadm join ${master-private}:6443 --token $(mssh -o UserKnownHostsFile=/dev/null -o StrictHostKeyChecking=no -t ${master-id} -r ${region} ubuntu@${master-id} kubeadm token list | awk 'NR == 2 {print $1}') --discovery-token-ca-cert-hash sha256:$(mssh -o UserKnownHostsFile=/dev/null -o StrictHostKeyChecking=no -t ${master-id} -r ${region} ubuntu@${master-id} openssl x509 -pubkey -in /etc/kubernetes/pki/ca.crt | openssl rsa -pubin -outform der 2\u003e/dev/null | openssl dgst -sha256 -hex | sed 's/^.* //') --ignore-preflight-errors=All",
            "vars": {
              "master-id": "i-0cc24fcd18fa3a350",
              "master-private": "172.31.42.130",
              "region": "us-east-2"
            }
          },
          "sensitive_attributes": []
        }
      ]
    },
    {
      "mode": "managed",
      "type": "aws_iam_instance_profile",
      "name": "ec2connectprofile",
      "provider": "provider[\"registry.terraform.io/hashicorp/aws\"]",
      "instances": [
        {
          "schema_version": 0,
          "attributes": {
            "arn": "arn:aws:iam::908459128553:instance-profile/ec2connectprofile-java-app",
            "create_date": "2023-07-29T15:39:15Z",
            "id": "ec2connectprofile-java-app",
            "name": "ec2connectprofile-java-app",
            "name_prefix": "",
            "path": "/",
            "role": "ec2connectcli-java-app",
            "tags": {},
            "tags_all": {},
            "unique_id": "AIPA5HBDCG3UWEN7ZQ23R"
          },
          "sensitive_attributes": [],
          "private": "bnVsbA==",
          "dependencies": [
            "aws_iam_role.ec2connectcli",
            "data.aws_caller_identity.current",
            "data.aws_region.current"
          ]
        }
      ]
    },
    {
      "mode": "managed",
      "type": "aws_iam_role",
      "name": "ec2connectcli",
      "provider": "provider[\"registry.terraform.io/hashicorp/aws\"]",
      "instances": [
        {
          "schema_version": 0,
          "attributes": {
            "arn": "arn:aws:iam::908459128553:role/ec2connectcli-java-app",
            "assume_role_policy": "{\"Statement\":[{\"Action\":\"sts:AssumeRole\",\"Effect\":\"Allow\",\"Principal\":{\"Service\":\"ec2.amazonaws.com\"},\"Sid\":\"\"}],\"Version\":\"2012-10-17\"}",
            "create_date": "2023-07-29T15:39:15Z",
            "description": "",
            "force_detach_policies": false,
            "id": "ec2connectcli-java-app",
            "inline_policy": [
              {
                "name": "my_inline_policy",
                "policy": "{\"Version\":\"2012-10-17\",\"Statement\":[{\"Action\":\"ec2-instance-connect:SendSSHPublicKey\",\"Condition\":{\"StringEquals\":{\"ec2:osuser\":\"ubuntu\"}},\"Effect\":\"Allow\",\"Resource\":\"arn:aws:ec2:us-east-2:908459128553:instance/*\"},{\"Action\":\"ec2:DescribeInstances\",\"Effect\":\"Allow\",\"Resource\":\"*\"}]}"
              }
            ],
            "managed_policy_arns": [],
            "max_session_duration": 3600,
            "name": "ec2connectcli-java-app",
            "name_prefix": "",
            "path": "/",
            "permissions_boundary": null,
            "role_last_used": [
              {
                "last_used_date": "",
                "region": ""
              }
            ],
            "tags": {},
            "tags_all": {},
            "unique_id": "AROA5HBDCG3UQDJIOJ7XW"
          },
          "sensitive_attributes": [],
          "private": "bnVsbA==",
          "dependencies": [
            "data.aws_caller_identity.current",
            "data.aws_region.current"
          ]
        }
      ]
    },
    {
      "mode": "managed",
      "type": "aws_instance",
      "name": "master",
      "provider": "provider[\"registry.terraform.io/hashicorp/aws\"]",
      "instances": [
        {
          "schema_version": 1,
          "attributes": {
            "ami": "ami-024e6efaf93d85776",
            "arn": "arn:aws:ec2:us-east-2:908459128553:instance/i-0cc24fcd18fa3a350",
            "associate_public_ip_address": true,
            "availability_zone": "us-east-2c",
            "capacity_reservation_specification": [
              {
                "capacity_reservation_preference": "open",
                "capacity_reservation_target": []
              }
            ],
            "cpu_core_count": 1,
            "cpu_options": [
              {
                "amd_sev_snp": "",
                "core_count": 1,
                "threads_per_core": 2
              }
            ],
            "cpu_threads_per_core": 2,
            "credit_specification": [
              {
                "cpu_credits": "unlimited"
              }
            ],
            "disable_api_stop": false,
            "disable_api_termination": false,
            "ebs_block_device": [],
            "ebs_optimized": false,
            "enclave_options": [
              {
                "enabled": false
              }
            ],
            "ephemeral_block_device": [],
            "get_password_data": false,
            "hibernation": false,
            "host_id": "",
            "host_resource_group_arn": null,
            "iam_instance_profile": "ec2connectprofile-java-app",
            "id": "i-0cc24fcd18fa3a350",
            "instance_initiated_shutdown_behavior": "stop",
            "instance_state": "running",
            "instance_type": "t3a.large",
            "ipv6_address_count": 0,
            "ipv6_addresses": [],
            "key_name": "NewKeyPair",
            "launch_template": [],
            "maintenance_options": [
              {
                "auto_recovery": "default"
              }
            ],
            "metadata_options": [
              {
                "http_endpoint": "enabled",
                "http_put_response_hop_limit": 1,
                "http_tokens": "optional",
                "instance_metadata_tags": "disabled"
              }
            ],
            "monitoring": false,
            "network_interface": [],
            "outpost_arn": "",
            "password_data": "",
            "placement_group": "",
            "placement_partition_number": 0,
            "primary_network_interface_id": "eni-0fecb69eb3a9ebe2b",
            "private_dns": "ip-172-31-42-130.us-east-2.compute.internal",
            "private_dns_name_options": [
              {
                "enable_resource_name_dns_a_record": false,
                "enable_resource_name_dns_aaaa_record": false,
                "hostname_type": "ip-name"
              }
            ],
            "private_ip": "172.31.42.130",
            "public_dns": "ec2-52-15-125-74.us-east-2.compute.amazonaws.com",
            "public_ip": "52.15.125.74",
            "root_block_device": [
              {
                "delete_on_termination": true,
                "device_name": "/dev/sda1",
                "encrypted": false,
                "iops": 100,
                "kms_key_id": "",
                "tags": {},
                "throughput": 0,
                "volume_id": "vol-03e2a10560c3a700d",
                "volume_size": 8,
                "volume_type": "gp2"
              }
            ],
            "secondary_private_ips": [],
            "security_groups": [
              "java-app-k8s-master-sec-gr"
            ],
            "source_dest_check": true,
            "subnet_id": "subnet-04ad9b5edecb4b75a",
            "tags": {
              "Name": "java-app-kube-master"
            },
            "tags_all": {
              "Name": "java-app-kube-master"
            },
            "tenancy": "default",
            "timeouts": null,
            "user_data": "1a3bd64b2b05912474b37e6d118317e9670c1bd7",
            "user_data_base64": null,
            "user_data_replace_on_change": false,
            "volume_tags": null,
            "vpc_security_group_ids": [
              "sg-00f0c5fd661e750a4"
            ]
          },
          "sensitive_attributes": [],
          "private": "eyJlMmJmYjczMC1lY2FhLTExZTYtOGY4OC0zNDM2M2JjN2M0YzAiOnsiY3JlYXRlIjo2MDAwMDAwMDAwMDAsImRlbGV0ZSI6MTIwMDAwMDAwMDAwMCwidXBkYXRlIjo2MDAwMDAwMDAwMDB9LCJzY2hlbWFfdmVyc2lvbiI6IjEifQ==",
          "dependencies": [
            "aws_iam_instance_profile.ec2connectprofile",
            "aws_security_group.tf-k8s-master-sec-gr",
            "data.template_file.master"
          ]
        }
      ]
    },
    {
      "mode": "managed",
      "type": "aws_instance",
      "name": "worker",
      "provider": "provider[\"registry.terraform.io/hashicorp/aws\"]",
      "instances": [
        {
          "schema_version": 1,
          "attributes": {
            "ami": "ami-024e6efaf93d85776",
            "arn": "arn:aws:ec2:us-east-2:908459128553:instance/i-05c76e0c2a95f9cd7",
            "associate_public_ip_address": true,
            "availability_zone": "us-east-2c",
            "capacity_reservation_specification": [
              {
                "capacity_reservation_preference": "open",
                "capacity_reservation_target": []
              }
            ],
            "cpu_core_count": 1,
            "cpu_options": [
              {
                "amd_sev_snp": "",
                "core_count": 1,
                "threads_per_core": 2
              }
            ],
            "cpu_threads_per_core": 2,
            "credit_specification": [
              {
                "cpu_credits": "unlimited"
              }
            ],
            "disable_api_stop": false,
            "disable_api_termination": false,
            "ebs_block_device": [],
            "ebs_optimized": false,
            "enclave_options": [
              {
                "enabled": false
              }
            ],
            "ephemeral_block_device": [],
            "get_password_data": false,
            "hibernation": false,
            "host_id": "",
            "host_resource_group_arn": null,
            "iam_instance_profile": "ec2connectprofile-java-app",
            "id": "i-05c76e0c2a95f9cd7",
            "instance_initiated_shutdown_behavior": "stop",
            "instance_state": "running",
            "instance_type": "t3a.large",
            "ipv6_address_count": 0,
            "ipv6_addresses": [],
            "key_name": "NewKeyPair",
            "launch_template": [],
            "maintenance_options": [
              {
                "auto_recovery": "default"
              }
            ],
            "metadata_options": [
              {
                "http_endpoint": "enabled",
                "http_put_response_hop_limit": 1,
                "http_tokens": "optional",
                "instance_metadata_tags": "disabled"
              }
            ],
            "monitoring": false,
            "network_interface": [],
            "outpost_arn": "",
            "password_data": "",
            "placement_group": "",
            "placement_partition_number": 0,
            "primary_network_interface_id": "eni-05be6c8746c0e6adc",
            "private_dns": "ip-172-31-36-145.us-east-2.compute.internal",
            "private_dns_name_options": [
              {
                "enable_resource_name_dns_a_record": false,
                "enable_resource_name_dns_aaaa_record": false,
                "hostname_type": "ip-name"
              }
            ],
            "private_ip": "172.31.36.145",
            "public_dns": "ec2-52-15-81-195.us-east-2.compute.amazonaws.com",
            "public_ip": "52.15.81.195",
            "root_block_device": [
              {
                "delete_on_termination": true,
                "device_name": "/dev/sda1",
                "encrypted": false,
                "iops": 100,
                "kms_key_id": "",
                "tags": {},
                "throughput": 0,
                "volume_id": "vol-023f657d034ac812b",
                "volume_size": 8,
                "volume_type": "gp2"
              }
            ],
            "secondary_private_ips": [],
            "security_groups": [
              "java-app-k8s-master-sec-gr"
            ],
            "source_dest_check": true,
            "subnet_id": "subnet-04ad9b5edecb4b75a",
            "tags": {
              "Name": "java-app-kube-worker"
            },
            "tags_all": {
              "Name": "java-app-kube-worker"
            },
            "tenancy": "default",
            "timeouts": null,
            "user_data": "16772473624e1ece0d2be78b38eee8ee1e721f1d",
            "user_data_base64": null,
            "user_data_replace_on_change": false,
            "volume_tags": null,
            "vpc_security_group_ids": [
              "sg-00f0c5fd661e750a4"
            ]
          },
          "sensitive_attributes": [],
          "private": "eyJlMmJmYjczMC1lY2FhLTExZTYtOGY4OC0zNDM2M2JjN2M0YzAiOnsiY3JlYXRlIjo2MDAwMDAwMDAwMDAsImRlbGV0ZSI6MTIwMDAwMDAwMDAwMCwidXBkYXRlIjo2MDAwMDAwMDAwMDB9LCJzY2hlbWFfdmVyc2lvbiI6IjEifQ==",
          "dependencies": [
            "aws_iam_instance_profile.ec2connectprofile",
            "aws_instance.master",
            "aws_security_group.tf-k8s-master-sec-gr",
            "data.aws_region.current",
            "data.template_file.master",
            "data.template_file.worker"
          ]
        }
      ]
    },
    {
      "mode": "managed",
      "type": "aws_security_group",
      "name": "tf-k8s-master-sec-gr",
      "provider": "provider[\"registry.terraform.io/hashicorp/aws\"]",
      "instances": [
        {
          "schema_version": 1,
          "attributes": {
            "arn": "arn:aws:ec2:us-east-2:908459128553:security-group/sg-00f0c5fd661e750a4",
            "description": "Managed by Terraform",
            "egress": [
              {
                "cidr_blocks": [
                  "0.0.0.0/0"
                ],
                "description": "",
                "from_port": 0,
                "ipv6_cidr_blocks": [],
                "prefix_list_ids": [],
                "protocol": "-1",
                "security_groups": [],
                "self": false,
                "to_port": 0
              }
            ],
            "id": "sg-00f0c5fd661e750a4",
            "ingress": [
              {
                "cidr_blocks": [
                  "0.0.0.0/0"
                ],
                "description": "",
                "from_port": 22,
                "ipv6_cidr_blocks": [],
                "prefix_list_ids": [],
                "protocol": "tcp",
                "security_groups": [],
                "self": false,
                "to_port": 22
              },
              {
                "cidr_blocks": [
                  "0.0.0.0/0"
                ],
                "description": "",
                "from_port": 30000,
                "ipv6_cidr_blocks": [],
                "prefix_list_ids": [],
                "protocol": "tcp",
                "security_groups": [],
                "self": false,
                "to_port": 32767
              },
              {
                "cidr_blocks": [
                  "0.0.0.0/0"
                ],
                "description": "",
                "from_port": 80,
                "ipv6_cidr_blocks": [],
                "prefix_list_ids": [],
                "protocol": "tcp",
                "security_groups": [],
                "self": false,
                "to_port": 80
              },
              {
                "cidr_blocks": [],
                "description": "",
                "from_port": 0,
                "ipv6_cidr_blocks": [],
                "prefix_list_ids": [],
                "protocol": "-1",
                "security_groups": [],
                "self": true,
                "to_port": 0
              }
            ],
            "name": "java-app-k8s-master-sec-gr",
            "name_prefix": "",
            "owner_id": "908459128553",
            "revoke_rules_on_delete": false,
            "tags": {
              "Name": "java-app-k8s-master-sec-gr"
            },
            "tags_all": {
              "Name": "java-app-k8s-master-sec-gr"
            },
            "timeouts": null,
            "vpc_id": "vpc-0e6aa2cba5ad8fadd"
          },
          "sensitive_attributes": [],
          "private": "eyJlMmJmYjczMC1lY2FhLTExZTYtOGY4OC0zNDM2M2JjN2M0YzAiOnsiY3JlYXRlIjo2MDAwMDAwMDAwMDAsImRlbGV0ZSI6OTAwMDAwMDAwMDAwfSwic2NoZW1hX3ZlcnNpb24iOiIxIn0="
        }
      ]
    }
  ],
  "check_results": null
}
