{
  "version": 4,
  "terraform_version": "1.5.4",
  "serial": 5,
  "lineage": "38f98d95-02cf-1311-cfd9-8ddc40a5db82",
  "outputs": {},
  "resources": [
    {
      "mode": "data",
      "type": "aws_caller_identity",
      "name": "current",
      "provider": "provider[\"registry.terraform.io/hashicorp/aws\"]",
      "instances": [
        {
          "schema_version": 0,
          "attributes": {
            "account_id": "908459128553",
            "arn": "arn:aws:iam::908459128553:user/adegbola-clarusway",
            "id": "908459128553",
            "user_id": "AIDA5HBDCG3U3SM4K6RDA"
          },
          "sensitive_attributes": []
        }
      ]
    },
    {
      "mode": "data",
      "type": "aws_region",
      "name": "current",
      "provider": "provider[\"registry.terraform.io/hashicorp/aws\"]",
      "instances": [
        {
          "schema_version": 0,
          "attributes": {
            "description": "US East (Ohio)",
            "endpoint": "ec2.us-east-2.amazonaws.com",
            "id": "us-east-2",
            "name": "us-east-2"
          },
          "sensitive_attributes": []
        }
      ]
    },
    {
      "mode": "data",
      "type": "template_file",
      "name": "master",
      "provider": "provider[\"registry.terraform.io/hashicorp/template\"]",
      "instances": [
        {
          "schema_version": 0,
          "attributes": {
            "filename": null,
            "id": "c34cb9a98626a99ef030ce19efef3cf442c71b04d344efed3c160f55b6cf8711",
            "rendered": "#! /bin/bash\napt-get update -y\napt-get upgrade -y\nhostnamectl set-hostname kube-master\napt-get install -y apt-transport-https ca-certificates curl\ncurl https://packages.cloud.google.com/apt/doc/apt-key.gpg | sudo apt-key --keyring /usr/share/keyrings/cloud.google.gpg add -\necho \"deb [signed-by=/usr/share/keyrings/cloud.google.gpg] https://apt.kubernetes.io/ kubernetes-xenial main\" | sudo tee /etc/apt/sources.list.d/kubernetes.list\napt-get update\napt-get install -y kubelet=1.26.3-00 kubeadm=1.26.3-00 kubectl=1.26.3-00 kubernetes-cni docker.io\napt-mark hold kubelet kubeadm kubectl\nsystemctl start docker\nsystemctl enable docker\nusermod -aG docker ubuntu\nnewgrp docker\ncat \u003c\u003cEOF | sudo tee /etc/sysctl.d/k8s.conf\nnet.bridge.bridge-nf-call-iptables  = 1\nnet.bridge.bridge-nf-call-ip6tables = 1\nnet.ipv4.ip_forward                 = 1\nEOF\nsysctl --system\nmkdir /etc/containerd\ncontainerd config default | sudo tee /etc/containerd/config.toml \u003e/dev/null 2\u003e\u00261\nsed -i 's/SystemdCgroup \\= false/SystemdCgroup \\= true/g' /etc/containerd/config.toml\nsystemctl restart containerd\nsystemctl enable containerd\nkubeadm config images pull\nkubeadm init --pod-network-cidr=10.244.0.0/16 --ignore-preflight-errors=All\nmkdir -p /home/ubuntu/.kube\ncp -i /etc/kubernetes/admin.conf /home/ubuntu/.kube/config\nchown ubuntu:ubuntu /home/ubuntu/.kube/config\nsu - ubuntu -c 'kubectl apply -f https://github.com/coreos/flannel/raw/master/Documentation/kube-flannel.yml'",
            "template": "#! /bin/bash\napt-get update -y\napt-get upgrade -y\nhostnamectl set-hostname kube-master\napt-get install -y apt-transport-https ca-certificates curl\ncurl https://packages.cloud.google.com/apt/doc/apt-key.gpg | sudo apt-key --keyring /usr/share/keyrings/cloud.google.gpg add -\necho \"deb [signed-by=/usr/share/keyrings/cloud.google.gpg] https://apt.kubernetes.io/ kubernetes-xenial main\" | sudo tee /etc/apt/sources.list.d/kubernetes.list\napt-get update\napt-get install -y kubelet=1.26.3-00 kubeadm=1.26.3-00 kubectl=1.26.3-00 kubernetes-cni docker.io\napt-mark hold kubelet kubeadm kubectl\nsystemctl start docker\nsystemctl enable docker\nusermod -aG docker ubuntu\nnewgrp docker\ncat \u003c\u003cEOF | sudo tee /etc/sysctl.d/k8s.conf\nnet.bridge.bridge-nf-call-iptables  = 1\nnet.bridge.bridge-nf-call-ip6tables = 1\nnet.ipv4.ip_forward                 = 1\nEOF\nsysctl --system\nmkdir /etc/containerd\ncontainerd config default | sudo tee /etc/containerd/config.toml \u003e/dev/null 2\u003e\u00261\nsed -i 's/SystemdCgroup \\= false/SystemdCgroup \\= true/g' /etc/containerd/config.toml\nsystemctl restart containerd\nsystemctl enable containerd\nkubeadm config images pull\nkubeadm init --pod-network-cidr=10.244.0.0/16 --ignore-preflight-errors=All\nmkdir -p /home/ubuntu/.kube\ncp -i /etc/kubernetes/admin.conf /home/ubuntu/.kube/config\nchown ubuntu:ubuntu /home/ubuntu/.kube/config\nsu - ubuntu -c 'kubectl apply -f https://github.com/coreos/flannel/raw/master/Documentation/kube-flannel.yml'",
            "vars": null
          },
          "sensitive_attributes": []
        }
      ]
    },
    {
      "mode": "data",
      "type": "template_file",
      "name": "worker",
      "provider": "provider[\"registry.terraform.io/hashicorp/template\"]",
      "instances": []
    },
    {
      "mode": "managed",
      "type": "aws_iam_instance_profile",
      "name": "ec2connectprofile",
      "provider": "provider[\"registry.terraform.io/hashicorp/aws\"]",
      "instances": [
        {
          "schema_version": 0,
          "attributes": {
            "arn": "arn:aws:iam::908459128553:instance-profile/ec2connectprofile-java-app",
            "create_date": "2023-07-29T15:39:15Z",
            "id": "ec2connectprofile-java-app",
            "name": "ec2connectprofile-java-app",
            "name_prefix": "",
            "path": "/",
            "role": "ec2connectcli-java-app",
            "tags": null,
            "tags_all": {},
            "unique_id": "AIPA5HBDCG3UWEN7ZQ23R"
          },
          "sensitive_attributes": [],
          "private": "bnVsbA==",
          "dependencies": [
            "aws_iam_role.ec2connectcli",
            "data.aws_caller_identity.current",
            "data.aws_region.current"
          ]
        }
      ]
    },
    {
      "mode": "managed",
      "type": "aws_iam_role",
      "name": "ec2connectcli",
      "provider": "provider[\"registry.terraform.io/hashicorp/aws\"]",
      "instances": [
        {
          "schema_version": 0,
          "attributes": {
            "arn": "arn:aws:iam::908459128553:role/ec2connectcli-java-app",
            "assume_role_policy": "{\"Statement\":[{\"Action\":\"sts:AssumeRole\",\"Effect\":\"Allow\",\"Principal\":{\"Service\":\"ec2.amazonaws.com\"},\"Sid\":\"\"}],\"Version\":\"2012-10-17\"}",
            "create_date": "2023-07-29T15:39:15Z",
            "description": "",
            "force_detach_policies": false,
            "id": "ec2connectcli-java-app",
            "inline_policy": [
              {
                "name": "my_inline_policy",
                "policy": "{\"Version\":\"2012-10-17\",\"Statement\":[{\"Action\":\"ec2-instance-connect:SendSSHPublicKey\",\"Condition\":{\"StringEquals\":{\"ec2:osuser\":\"ubuntu\"}},\"Effect\":\"Allow\",\"Resource\":\"arn:aws:ec2:us-east-2:908459128553:instance/*\"},{\"Action\":\"ec2:DescribeInstances\",\"Effect\":\"Allow\",\"Resource\":\"*\"}]}"
              }
            ],
            "managed_policy_arns": [],
            "max_session_duration": 3600,
            "name": "ec2connectcli-java-app",
            "name_prefix": "",
            "path": "/",
            "permissions_boundary": null,
            "role_last_used": [
              {
                "last_used_date": "",
                "region": ""
              }
            ],
            "tags": null,
            "tags_all": {},
            "unique_id": "AROA5HBDCG3UQDJIOJ7XW"
          },
          "sensitive_attributes": [],
          "private": "bnVsbA==",
          "dependencies": [
            "data.aws_caller_identity.current",
            "data.aws_region.current"
          ]
        }
      ]
    },
    {
      "mode": "managed",
      "type": "aws_instance",
      "name": "worker",
      "provider": "provider[\"registry.terraform.io/hashicorp/aws\"]",
      "instances": []
    },
    {
      "mode": "managed",
      "type": "aws_security_group",
      "name": "tf-k8s-master-sec-gr",
      "provider": "provider[\"registry.terraform.io/hashicorp/aws\"]",
      "instances": [
        {
          "schema_version": 1,
          "attributes": {
            "arn": "arn:aws:ec2:us-east-2:908459128553:security-group/sg-00f0c5fd661e750a4",
            "description": "Managed by Terraform",
            "egress": [
              {
                "cidr_blocks": [
                  "0.0.0.0/0"
                ],
                "description": "",
                "from_port": 0,
                "ipv6_cidr_blocks": [],
                "prefix_list_ids": [],
                "protocol": "-1",
                "security_groups": [],
                "self": false,
                "to_port": 0
              }
            ],
            "id": "sg-00f0c5fd661e750a4",
            "ingress": [
              {
                "cidr_blocks": [
                  "0.0.0.0/0"
                ],
                "description": "",
                "from_port": 22,
                "ipv6_cidr_blocks": [],
                "prefix_list_ids": [],
                "protocol": "tcp",
                "security_groups": [],
                "self": false,
                "to_port": 22
              },
              {
                "cidr_blocks": [
                  "0.0.0.0/0"
                ],
                "description": "",
                "from_port": 30000,
                "ipv6_cidr_blocks": [],
                "prefix_list_ids": [],
                "protocol": "tcp",
                "security_groups": [],
                "self": false,
                "to_port": 32767
              },
              {
                "cidr_blocks": [
                  "0.0.0.0/0"
                ],
                "description": "",
                "from_port": 80,
                "ipv6_cidr_blocks": [],
                "prefix_list_ids": [],
                "protocol": "tcp",
                "security_groups": [],
                "self": false,
                "to_port": 80
              },
              {
                "cidr_blocks": [],
                "description": "",
                "from_port": 0,
                "ipv6_cidr_blocks": [],
                "prefix_list_ids": [],
                "protocol": "-1",
                "security_groups": [],
                "self": true,
                "to_port": 0
              }
            ],
            "name": "java-app-k8s-master-sec-gr",
            "name_prefix": "",
            "owner_id": "908459128553",
            "revoke_rules_on_delete": false,
            "tags": {
              "Name": "java-app-k8s-master-sec-gr"
            },
            "tags_all": {
              "Name": "java-app-k8s-master-sec-gr"
            },
            "timeouts": null,
            "vpc_id": "vpc-0e6aa2cba5ad8fadd"
          },
          "sensitive_attributes": [],
          "private": "eyJlMmJmYjczMC1lY2FhLTExZTYtOGY4OC0zNDM2M2JjN2M0YzAiOnsiY3JlYXRlIjo2MDAwMDAwMDAwMDAsImRlbGV0ZSI6OTAwMDAwMDAwMDAwfSwic2NoZW1hX3ZlcnNpb24iOiIxIn0="
        }
      ]
    }
  ],
  "check_results": null
}
